
Microsoft Visual Studio Solution File, Format Version 12.00
# Visual Studio Version 16
VisualStudioVersion = 16.0.29709.97
MinimumVisualStudioVersion = 10.0.40219.1
Project("{9A19103F-16F7-4668-BE54-9A1E7A4F7556}") = "TrainSet", "TrainSet.csproj", "{D7792669-92DD-4088-8C8E-FFB477752398}"
EndProject
Project("{9A19103F-16F7-4668-BE54-9A1E7A4F7556}") = "UnitTestExpTests", "..\UnitTestExpTests\UnitTestExpTests.csproj", "{AA6F04EE-4797-4049-A30C-9C78BA5D4CB8}"
EndProject
Global
	GlobalSection(SolutionConfigurationPlatforms) = preSolution
		Debug|Any CPU = Debug|Any CPU
		Release|Any CPU = Release|Any CPU
	EndGlobalSection
	GlobalSection(ProjectConfigurationPlatforms) = postSolution
		{D7792669-92DD-4088-8C8E-FFB477752398}.Debug|Any CPU.ActiveCfg = Debug|Any CPU
		{D7792669-92DD-4088-8C8E-FFB477752398}.Debug|Any CPU.Build.0 = Debug|Any CPU
		{D7792669-92DD-4088-8C8E-FFB477752398}.Release|Any CPU.ActiveCfg = Release|Any CPU
		{D7792669-92DD-4088-8C8E-FFB477752398}.Release|Any CPU.Build.0 = Release|Any CPU
		{AA6F04EE-4797-4049-A30C-9C78BA5D4CB8}.Debug|Any CPU.ActiveCfg = Debug|Any CPU
		{AA6F04EE-4797-4049-A30C-9C78BA5D4CB8}.Debug|Any CPU.Build.0 = Debug|Any CPU
		{AA6F04EE-4797-4049-A30C-9C78BA5D4CB8}.Release|Any CPU.ActiveCfg = Release|Any CPU
		{AA6F04EE-4797-4049-A30C-9C78BA5D4CB8}.Release|Any CPU.Build.0 = Release|Any CPU
	EndGlobalSection
	GlobalSection(SolutionProperties) = preSolution
		HideSolutionNode = FALSE
	EndGlobalSection
	GlobalSection(ExtensibilityGlobals) = postSolution
		SolutionGuid = {ED7D4BDD-22B8-4363-A118-7B3E3E4B86A4}
	EndGlobalSection
EndGlobal
